
Microsoft Visual Studio Solution File, Format Version 12.00
# Visual Studio Version 17
VisualStudioVersion = 17.2.32616.157
MinimumVisualStudioVersion = 10.0.40219.1
Project("{8BC9CEB8-8B4A-11D0-8D11-00A0C91BC942}") = "task_2", "task_2\task_2.vcxproj", "{25A83116-FE02-4010-B45B-DC38D134E918}"
EndProject
Project("{8BC9CEB8-8B4A-11D0-8D11-00A0C91BC942}") = "task_3", "task_3\task_3.vcxproj", "{BAE327EE-2B44-4AB1-9ABA-A54C75C0776A}"
EndProject
Project("{8BC9CEB8-8B4A-11D0-8D11-00A0C91BC942}") = "task_4", "task_4\task_4.vcxproj", "{FE4B88BA-9246-47F5-BF13-22DD02E594D6}"
EndProject
Project("{8BC9CEB8-8B4A-11D0-8D11-00A0C91BC942}") = "task_5", "task_5\task_5.vcxproj", "{8455D2FC-6B5A-4755-BCBF-B8128F2C7536}"
EndProject
Project("{8BC9CEB8-8B4A-11D0-8D11-00A0C91BC942}") = "task_6", "task_6\task_6.vcxproj", "{2907B1A0-F4FE-4462-BD9D-B25A5EE231BF}"
EndProject
Project("{8BC9CEB8-8B4A-11D0-8D11-00A0C91BC942}") = "task_7", "task_7\task_7.vcxproj", "{31F8BBB3-8427-44DA-80B6-0499D7C16803}"
EndProject
Project("{8BC9CEB8-8B4A-11D0-8D11-00A0C91BC942}") = "task_8", "task_8\task_8.vcxproj", "{785F289F-062D-45DB-8CE7-8F04AA335B42}"
EndProject
Project("{8BC9CEB8-8B4A-11D0-8D11-00A0C91BC942}") = "task_9", "task_9\task_9.vcxproj", "{DFE99713-05DF-4A3C-93F5-A32F296088D5}"
EndProject
Project("{8BC9CEB8-8B4A-11D0-8D11-00A0C91BC942}") = "task_1", "task_1\task_1.vcxproj", "{06C1597C-D556-4FC8-AC27-0565FCD80A6B}"
EndProject
Global
	GlobalSection(SolutionConfigurationPlatforms) = preSolution
		Debug|x64 = Debug|x64
		Debug|x86 = Debug|x86
		Release|x64 = Release|x64
		Release|x86 = Release|x86
	EndGlobalSection
	GlobalSection(ProjectConfigurationPlatforms) = postSolution
		{25A83116-FE02-4010-B45B-DC38D134E918}.Debug|x64.ActiveCfg = Debug|x64
		{25A83116-FE02-4010-B45B-DC38D134E918}.Debug|x64.Build.0 = Debug|x64
		{25A83116-FE02-4010-B45B-DC38D134E918}.Debug|x86.ActiveCfg = Debug|Win32
		{25A83116-FE02-4010-B45B-DC38D134E918}.Debug|x86.Build.0 = Debug|Win32
		{25A83116-FE02-4010-B45B-DC38D134E918}.Release|x64.ActiveCfg = Release|x64
		{25A83116-FE02-4010-B45B-DC38D134E918}.Release|x64.Build.0 = Release|x64
		{25A83116-FE02-4010-B45B-DC38D134E918}.Release|x86.ActiveCfg = Release|Win32
		{25A83116-FE02-4010-B45B-DC38D134E918}.Release|x86.Build.0 = Release|Win32
		{BAE327EE-2B44-4AB1-9ABA-A54C75C0776A}.Debug|x64.ActiveCfg = Debug|x64
		{BAE327EE-2B44-4AB1-9ABA-A54C75C0776A}.Debug|x64.Build.0 = Debug|x64
		{BAE327EE-2B44-4AB1-9ABA-A54C75C0776A}.Debug|x86.ActiveCfg = Debug|Win32
		{BAE327EE-2B44-4AB1-9ABA-A54C75C0776A}.Debug|x86.Build.0 = Debug|Win32
		{BAE327EE-2B44-4AB1-9ABA-A54C75C0776A}.Release|x64.ActiveCfg = Release|x64
		{BAE327EE-2B44-4AB1-9ABA-A54C75C0776A}.Release|x64.Build.0 = Release|x64
		{BAE327EE-2B44-4AB1-9ABA-A54C75C0776A}.Release|x86.ActiveCfg = Release|Win32
		{BAE327EE-2B44-4AB1-9ABA-A54C75C0776A}.Release|x86.Build.0 = Release|Win32
		{FE4B88BA-9246-47F5-BF13-22DD02E594D6}.Debug|x64.ActiveCfg = Debug|x64
		{FE4B88BA-9246-47F5-BF13-22DD02E594D6}.Debug|x64.Build.0 = Debug|x64
		{FE4B88BA-9246-47F5-BF13-22DD02E594D6}.Debug|x86.ActiveCfg = Debug|Win32
		{FE4B88BA-9246-47F5-BF13-22DD02E594D6}.Debug|x86.Build.0 = Debug|Win32
		{FE4B88BA-9246-47F5-BF13-22DD02E594D6}.Release|x64.ActiveCfg = Release|x64
		{FE4B88BA-9246-47F5-BF13-22DD02E594D6}.Release|x64.Build.0 = Release|x64
		{FE4B88BA-9246-47F5-BF13-22DD02E594D6}.Release|x86.ActiveCfg = Release|Win32
		{FE4B88BA-9246-47F5-BF13-22DD02E594D6}.Release|x86.Build.0 = Release|Win32
		{8455D2FC-6B5A-4755-BCBF-B8128F2C7536}.Debug|x64.ActiveCfg = Debug|x64
		{8455D2FC-6B5A-4755-BCBF-B8128F2C7536}.Debug|x64.Build.0 = Debug|x64
		{8455D2FC-6B5A-4755-BCBF-B8128F2C7536}.Debug|x86.ActiveCfg = Debug|Win32
		{8455D2FC-6B5A-4755-BCBF-B8128F2C7536}.Debug|x86.Build.0 = Debug|Win32
		{8455D2FC-6B5A-4755-BCBF-B8128F2C7536}.Release|x64.ActiveCfg = Release|x64
		{8455D2FC-6B5A-4755-BCBF-B8128F2C7536}.Release|x64.Build.0 = Release|x64
		{8455D2FC-6B5A-4755-BCBF-B8128F2C7536}.Release|x86.ActiveCfg = Release|Win32
		{8455D2FC-6B5A-4755-BCBF-B8128F2C7536}.Release|x86.Build.0 = Release|Win32
		{2907B1A0-F4FE-4462-BD9D-B25A5EE231BF}.Debug|x64.ActiveCfg = Debug|x64
		{2907B1A0-F4FE-4462-BD9D-B25A5EE231BF}.Debug|x64.Build.0 = Debug|x64
		{2907B1A0-F4FE-4462-BD9D-B25A5EE231BF}.Debug|x86.ActiveCfg = Debug|Win32
		{2907B1A0-F4FE-4462-BD9D-B25A5EE231BF}.Debug|x86.Build.0 = Debug|Win32
		{2907B1A0-F4FE-4462-BD9D-B25A5EE231BF}.Release|x64.ActiveCfg = Release|x64
		{2907B1A0-F4FE-4462-BD9D-B25A5EE231BF}.Release|x64.Build.0 = Release|x64
		{2907B1A0-F4FE-4462-BD9D-B25A5EE231BF}.Release|x86.ActiveCfg = Release|Win32
		{2907B1A0-F4FE-4462-BD9D-B25A5EE231BF}.Release|x86.Build.0 = Release|Win32
		{31F8BBB3-8427-44DA-80B6-0499D7C16803}.Debug|x64.ActiveCfg = Debug|x64
		{31F8BBB3-8427-44DA-80B6-0499D7C16803}.Debug|x64.Build.0 = Debug|x64
		{31F8BBB3-8427-44DA-80B6-0499D7C16803}.Debug|x86.ActiveCfg = Debug|Win32
		{31F8BBB3-8427-44DA-80B6-0499D7C16803}.Debug|x86.Build.0 = Debug|Win32
		{31F8BBB3-8427-44DA-80B6-0499D7C16803}.Release|x64.ActiveCfg = Release|x64
		{31F8BBB3-8427-44DA-80B6-0499D7C16803}.Release|x64.Build.0 = Release|x64
		{31F8BBB3-8427-44DA-80B6-0499D7C16803}.Release|x86.ActiveCfg = Release|Win32
		{31F8BBB3-8427-44DA-80B6-0499D7C16803}.Release|x86.Build.0 = Release|Win32
		{785F289F-062D-45DB-8CE7-8F04AA335B42}.Debug|x64.ActiveCfg = Debug|x64
		{785F289F-062D-45DB-8CE7-8F04AA335B42}.Debug|x64.Build.0 = Debug|x64
		{785F289F-062D-45DB-8CE7-8F04AA335B42}.Debug|x86.ActiveCfg = Debug|Win32
		{785F289F-062D-45DB-8CE7-8F04AA335B42}.Debug|x86.Build.0 = Debug|Win32
		{785F289F-062D-45DB-8CE7-8F04AA335B42}.Release|x64.ActiveCfg = Release|x64
		{785F289F-062D-45DB-8CE7-8F04AA335B42}.Release|x64.Build.0 = Release|x64
		{785F289F-062D-45DB-8CE7-8F04AA335B42}.Release|x86.ActiveCfg = Release|Win32
		{785F289F-062D-45DB-8CE7-8F04AA335B42}.Release|x86.Build.0 = Release|Win32
		{DFE99713-05DF-4A3C-93F5-A32F296088D5}.Debug|x64.ActiveCfg = Debug|x64
		{DFE99713-05DF-4A3C-93F5-A32F296088D5}.Debug|x64.Build.0 = Debug|x64
		{DFE99713-05DF-4A3C-93F5-A32F296088D5}.Debug|x86.ActiveCfg = Debug|Win32
		{DFE99713-05DF-4A3C-93F5-A32F296088D5}.Debug|x86.Build.0 = Debug|Win32
		{DFE99713-05DF-4A3C-93F5-A32F296088D5}.Release|x64.ActiveCfg = Release|x64
		{DFE99713-05DF-4A3C-93F5-A32F296088D5}.Release|x64.Build.0 = Release|x64
		{DFE99713-05DF-4A3C-93F5-A32F296088D5}.Release|x86.ActiveCfg = Release|Win32
		{DFE99713-05DF-4A3C-93F5-A32F296088D5}.Release|x86.Build.0 = Release|Win32
		{06C1597C-D556-4FC8-AC27-0565FCD80A6B}.Debug|x64.ActiveCfg = Debug|x64
		{06C1597C-D556-4FC8-AC27-0565FCD80A6B}.Debug|x64.Build.0 = Debug|x64
		{06C1597C-D556-4FC8-AC27-0565FCD80A6B}.Debug|x86.ActiveCfg = Debug|Win32
		{06C1597C-D556-4FC8-AC27-0565FCD80A6B}.Debug|x86.Build.0 = Debug|Win32
		{06C1597C-D556-4FC8-AC27-0565FCD80A6B}.Release|x64.ActiveCfg = Release|x64
		{06C1597C-D556-4FC8-AC27-0565FCD80A6B}.Release|x64.Build.0 = Release|x64
		{06C1597C-D556-4FC8-AC27-0565FCD80A6B}.Release|x86.ActiveCfg = Release|Win32
		{06C1597C-D556-4FC8-AC27-0565FCD80A6B}.Release|x86.Build.0 = Release|Win32
	EndGlobalSection
	GlobalSection(SolutionProperties) = preSolution
		HideSolutionNode = FALSE
	EndGlobalSection
	GlobalSection(ExtensibilityGlobals) = postSolution
		SolutionGuid = {4CEDDB22-E89F-4AD9-8674-218144BB8BED}
	EndGlobalSection
EndGlobal
